
Microsoft Visual Studio Solution File, Format Version 12.00
# Visual Studio Version 16
VisualStudioVersion = 16.0.31729.503
MinimumVisualStudioVersion = 10.0.40219.1
Project("{FAE04EC0-301F-11D3-BF4B-00C04F79EFBC}") = "2.2.X_si_O", "2.2.X_si_O\2.2.X_si_O.csproj", "{2C2D5F58-6D3B-488C-9859-81DDABF67D0A}"
EndProject
Global
	GlobalSection(SolutionConfigurationPlatforms) = preSolution
		Debug|Any CPU = Debug|Any CPU
		Release|Any CPU = Release|Any CPU
	EndGlobalSection
	GlobalSection(ProjectConfigurationPlatforms) = postSolution
		{2C2D5F58-6D3B-488C-9859-81DDABF67D0A}.Debug|Any CPU.ActiveCfg = Debug|Any CPU
		{2C2D5F58-6D3B-488C-9859-81DDABF67D0A}.Debug|Any CPU.Build.0 = Debug|Any CPU
		{2C2D5F58-6D3B-488C-9859-81DDABF67D0A}.Release|Any CPU.ActiveCfg = Release|Any CPU
		{2C2D5F58-6D3B-488C-9859-81DDABF67D0A}.Release|Any CPU.Build.0 = Release|Any CPU
	EndGlobalSection
	GlobalSection(SolutionProperties) = preSolution
		HideSolutionNode = FALSE
	EndGlobalSection
	GlobalSection(ExtensibilityGlobals) = postSolution
		SolutionGuid = {4DBF0BA7-EC44-469E-BE77-393BE79A80C1}
	EndGlobalSection
EndGlobal
