
Microsoft Visual Studio Solution File, Format Version 12.00
# Visual Studio Version 16
VisualStudioVersion = 16.0.31729.503
MinimumVisualStudioVersion = 10.0.40219.1
Project("{FAE04EC0-301F-11D3-BF4B-00C04F79EFBC}") = "2.4.Platformer", "2.4.Platformer\2.4.Platformer.csproj", "{162ECAC1-3BF8-443B-9134-539197C5FE29}"
EndProject
Global
	GlobalSection(SolutionConfigurationPlatforms) = preSolution
		Debug|Any CPU = Debug|Any CPU
		Release|Any CPU = Release|Any CPU
	EndGlobalSection
	GlobalSection(ProjectConfigurationPlatforms) = postSolution
		{162ECAC1-3BF8-443B-9134-539197C5FE29}.Debug|Any CPU.ActiveCfg = Debug|Any CPU
		{162ECAC1-3BF8-443B-9134-539197C5FE29}.Debug|Any CPU.Build.0 = Debug|Any CPU
		{162ECAC1-3BF8-443B-9134-539197C5FE29}.Release|Any CPU.ActiveCfg = Release|Any CPU
		{162ECAC1-3BF8-443B-9134-539197C5FE29}.Release|Any CPU.Build.0 = Release|Any CPU
	EndGlobalSection
	GlobalSection(SolutionProperties) = preSolution
		HideSolutionNode = FALSE
	EndGlobalSection
	GlobalSection(ExtensibilityGlobals) = postSolution
		SolutionGuid = {B8AB889B-707F-4B40-93E8-73BB4D175414}
	EndGlobalSection
EndGlobal
